
Microsoft Visual Studio Solution File, Format Version 12.00
# Visual Studio Version 16
VisualStudioVersion = 16.0.28729.10
MinimumVisualStudioVersion = 10.0.40219.1
Project("{FAE04EC0-301F-11D3-BF4B-00C04F79EFBC}") = "SqlConnection", "SqlConnection\SqlConnection.csproj", "{A10C0F67-0E02-4327-8BE4-EE9C8B8F9694}"
EndProject
Global
	GlobalSection(SolutionConfigurationPlatforms) = preSolution
		Debug|Any CPU = Debug|Any CPU
		Release|Any CPU = Release|Any CPU
	EndGlobalSection
	GlobalSection(ProjectConfigurationPlatforms) = postSolution
		{A10C0F67-0E02-4327-8BE4-EE9C8B8F9694}.Debug|Any CPU.ActiveCfg = Debug|Any CPU
		{A10C0F67-0E02-4327-8BE4-EE9C8B8F9694}.Debug|Any CPU.Build.0 = Debug|Any CPU
		{A10C0F67-0E02-4327-8BE4-EE9C8B8F9694}.Release|Any CPU.ActiveCfg = Release|Any CPU
		{A10C0F67-0E02-4327-8BE4-EE9C8B8F9694}.Release|Any CPU.Build.0 = Release|Any CPU
	EndGlobalSection
	GlobalSection(SolutionProperties) = preSolution
		HideSolutionNode = FALSE
	EndGlobalSection
	GlobalSection(ExtensibilityGlobals) = postSolution
		SolutionGuid = {E186AC47-AF45-4065-9E84-332DAB1698DB}
	EndGlobalSection
EndGlobal
